// !$*UTF8*$!
{
	archiveVersion = 1;
	classes = {
	};
	objectVersion = 55;
	objects = {

/* Begin PBXBuildFile section */
		653AE991284AFB97001BE834 /* AppDelegate.swift in Sources */ = {isa = PBXBuildFile; fileRef = 653AE990284AFB96001BE834 /* AppDelegate.swift */; };
		653AE993284AFB97001BE834 /* SceneDelegate.swift in Sources */ = {isa = PBXBuildFile; fileRef = 653AE992284AFB97001BE834 /* SceneDelegate.swift */; };
		653AE995284AFB97001BE834 /* ViewController.swift in Sources */ = {isa = PBXBuildFile; fileRef = 653AE994284AFB97001BE834 /* ViewController.swift */; };
		653AE998284AFB97001BE834 /* Main.storyboard in Resources */ = {isa = PBXBuildFile; fileRef = 653AE996284AFB97001BE834 /* Main.storyboard */; };
		653AE99A284AFB9A001BE834 /* Assets.xcassets in Resources */ = {isa = PBXBuildFile; fileRef = 653AE999284AFB9A001BE834 /* Assets.xcassets */; };
		653AE99D284AFB9A001BE834 /* LaunchScreen.storyboard in Resources */ = {isa = PBXBuildFile; fileRef = 653AE99B284AFB9A001BE834 /* LaunchScreen.storyboard */; };
		653AE9A8284AFB9B001BE834 /* TVMazeAppTests.swift in Sources */ = {isa = PBXBuildFile; fileRef = 653AE9A7284AFB9B001BE834 /* TVMazeAppTests.swift */; };
		653AE9B2284AFB9B001BE834 /* TVMazeAppUITests.swift in Sources */ = {isa = PBXBuildFile; fileRef = 653AE9B1284AFB9B001BE834 /* TVMazeAppUITests.swift */; };
		653AE9B4284AFB9B001BE834 /* TVMazeAppUITestsLaunchTests.swift in Sources */ = {isa = PBXBuildFile; fileRef = 653AE9B3284AFB9B001BE834 /* TVMazeAppUITestsLaunchTests.swift */; };
/* End PBXBuildFile section */

/* Begin PBXContainerItemProxy section */
		653AE9A4284AFB9B001BE834 /* PBXContainerItemProxy */ = {
			isa = PBXContainerItemProxy;
			containerPortal = 653AE985284AFB96001BE834 /* Project object */;
			proxyType = 1;
			remoteGlobalIDString = 653AE98C284AFB96001BE834;
			remoteInfo = TVMazeApp;
		};
		653AE9AE284AFB9B001BE834 /* PBXContainerItemProxy */ = {
			isa = PBXContainerItemProxy;
			containerPortal = 653AE985284AFB96001BE834 /* Project object */;
			proxyType = 1;
			remoteGlobalIDString = 653AE98C284AFB96001BE834;
			remoteInfo = TVMazeApp;
		};
/* End PBXContainerItemProxy section */

/* Begin PBXFileReference section */
		653AE98D284AFB96001BE834 /* TVMazeApp.app */ = {isa = PBXFileReference; explicitFileType = wrapper.application; includeInIndex = 0; path = TVMazeApp.app; sourceTree = BUILT_PRODUCTS_DIR; };
		653AE990284AFB96001BE834 /* AppDelegate.swift */ = {isa = PBXFileReference; lastKnownFileType = sourcecode.swift; path = AppDelegate.swift; sourceTree = "<group>"; };
		653AE992284AFB97001BE834 /* SceneDelegate.swift */ = {isa = PBXFileReference; lastKnownFileType = sourcecode.swift; path = SceneDelegate.swift; sourceTree = "<group>"; };
		653AE994284AFB97001BE834 /* ViewController.swift */ = {isa = PBXFileReference; lastKnownFileType = sourcecode.swift; path = ViewController.swift; sourceTree = "<group>"; };
		653AE997284AFB97001BE834 /* Base */ = {isa = PBXFileReference; lastKnownFileType = file.storyboard; name = Base; path = Base.lproj/Main.storyboard; sourceTree = "<group>"; };
		653AE999284AFB9A001BE834 /* Assets.xcassets */ = {isa = PBXFileReference; lastKnownFileType = folder.assetcatalog; path = Assets.xcassets; sourceTree = "<group>"; };
		653AE99C284AFB9A001BE834 /* Base */ = {isa = PBXFileReference; lastKnownFileType = file.storyboard; name = Base; path = Base.lproj/LaunchScreen.storyboard; sourceTree = "<group>"; };
		653AE99E284AFB9A001BE834 /* Info.plist */ = {isa = PBXFileReference; lastKnownFileType = text.plist.xml; path = Info.plist; sourceTree = "<group>"; };
		653AE9A3284AFB9B001BE834 /* TVMazeAppTests.xctest */ = {isa = PBXFileReference; explicitFileType = wrapper.cfbundle; includeInIndex = 0; path = TVMazeAppTests.xctest; sourceTree = BUILT_PRODUCTS_DIR; };
		653AE9A7284AFB9B001BE834 /* TVMazeAppTests.swift */ = {isa = PBXFileReference; lastKnownFileType = sourcecode.swift; path = TVMazeAppTests.swift; sourceTree = "<group>"; };
		653AE9AD284AFB9B001BE834 /* TVMazeAppUITests.xctest */ = {isa = PBXFileReference; explicitFileType = wrapper.cfbundle; includeInIndex = 0; path = TVMazeAppUITests.xctest; sourceTree = BUILT_PRODUCTS_DIR; };
		653AE9B1284AFB9B001BE834 /* TVMazeAppUITests.swift */ = {isa = PBXFileReference; lastKnownFileType = sourcecode.swift; path = TVMazeAppUITests.swift; sourceTree = "<group>"; };
		653AE9B3284AFB9B001BE834 /* TVMazeAppUITestsLaunchTests.swift */ = {isa = PBXFileReference; lastKnownFileType = sourcecode.swift; path = TVMazeAppUITestsLaunchTests.swift; sourceTree = "<group>"; };
/* End PBXFileReference section */

/* Begin PBXFrameworksBuildPhase section */
		653AE98A284AFB96001BE834 /* Frameworks */ = {
			isa = PBXFrameworksBuildPhase;
			buildActionMask = 2147483647;
			files = (
			);
			runOnlyForDeploymentPostprocessing = 0;
		};
		653AE9A0284AFB9B001BE834 /* Frameworks */ = {
			isa = PBXFrameworksBuildPhase;
			buildActionMask = 2147483647;
			files = (
			);
			runOnlyForDeploymentPostprocessing = 0;
		};
		653AE9AA284AFB9B001BE834 /* Frameworks */ = {
			isa = PBXFrameworksBuildPhase;
			buildActionMask = 2147483647;
			files = (
			);
			runOnlyForDeploymentPostprocessing = 0;
		};
/* End PBXFrameworksBuildPhase section */

/* Begin PBXGroup section */
		653AE984284AFB96001BE834 = {
			isa = PBXGroup;
			children = (
				653AE98F284AFB96001BE834 /* TVMazeApp */,
				653AE9A6284AFB9B001BE834 /* TVMazeAppTests */,
				653AE9B0284AFB9B001BE834 /* TVMazeAppUITests */,
				653AE98E284AFB96001BE834 /* Products */,
			);
			sourceTree = "<group>";
		};
		653AE98E284AFB96001BE834 /* Products */ = {
			isa = PBXGroup;
			children = (
				653AE98D284AFB96001BE834 /* TVMazeApp.app */,
				653AE9A3284AFB9B001BE834 /* TVMazeAppTests.xctest */,
				653AE9AD284AFB9B001BE834 /* TVMazeAppUITests.xctest */,
			);
			name = Products;
			sourceTree = "<group>";
		};
		653AE98F284AFB96001BE834 /* TVMazeApp */ = {
			isa = PBXGroup;
			children = (
				653AE990284AFB96001BE834 /* AppDelegate.swift */,
				653AE992284AFB97001BE834 /* SceneDelegate.swift */,
				653AE994284AFB97001BE834 /* ViewController.swift */,
				653AE996284AFB97001BE834 /* Main.storyboard */,
				653AE999284AFB9A001BE834 /* Assets.xcassets */,
				653AE99B284AFB9A001BE834 /* LaunchScreen.storyboard */,
				653AE99E284AFB9A001BE834 /* Info.plist */,
			);
			path = TVMazeApp;
			sourceTree = "<group>";
		};
		653AE9A6284AFB9B001BE834 /* TVMazeAppTests */ = {
			isa = PBXGroup;
			children = (
				653AE9A7284AFB9B001BE834 /* TVMazeAppTests.swift */,
			);
			path = TVMazeAppTests;
			sourceTree = "<group>";
		};
		653AE9B0284AFB9B001BE834 /* TVMazeAppUITests */ = {
			isa = PBXGroup;
			children = (
				653AE9B1284AFB9B001BE834 /* TVMazeAppUITests.swift */,
				653AE9B3284AFB9B001BE834 /* TVMazeAppUITestsLaunchTests.swift */,
			);
			path = TVMazeAppUITests;
			sourceTree = "<group>";
		};
/* End PBXGroup section */

/* Begin PBXNativeTarget section */
		653AE98C284AFB96001BE834 /* TVMazeApp */ = {
			isa = PBXNativeTarget;
			buildConfigurationList = 653AE9B7284AFB9B001BE834 /* Build configuration list for PBXNativeTarget "TVMazeApp" */;
			buildPhases = (
				653AE989284AFB96001BE834 /* Sources */,
				653AE98A284AFB96001BE834 /* Frameworks */,
				653AE98B284AFB96001BE834 /* Resources */,
			);
			buildRules = (
			);
			dependencies = (
			);
			name = TVMazeApp;
			productName = TVMazeApp;
			productReference = 653AE98D284AFB96001BE834 /* TVMazeApp.app */;
			productType = "com.apple.product-type.application";
		};
		653AE9A2284AFB9B001BE834 /* TVMazeAppTests */ = {
			isa = PBXNativeTarget;
			buildConfigurationList = 653AE9BA284AFB9B001BE834 /* Build configuration list for PBXNativeTarget "TVMazeAppTests" */;
			buildPhases = (
				653AE99F284AFB9B001BE834 /* Sources */,
				653AE9A0284AFB9B001BE834 /* Frameworks */,
				653AE9A1284AFB9B001BE834 /* Resources */,
			);
			buildRules = (
			);
			dependencies = (
				653AE9A5284AFB9B001BE834 /* PBXTargetDependency */,
			);
			name = TVMazeAppTests;
			productName = TVMazeAppTests;
			productReference = 653AE9A3284AFB9B001BE834 /* TVMazeAppTests.xctest */;
			productType = "com.apple.product-type.bundle.unit-test";
		};
		653AE9AC284AFB9B001BE834 /* TVMazeAppUITests */ = {
			isa = PBXNativeTarget;
			buildConfigurationList = 653AE9BD284AFB9B001BE834 /* Build configuration list for PBXNativeTarget "TVMazeAppUITests" */;
			buildPhases = (
				653AE9A9284AFB9B001BE834 /* Sources */,
				653AE9AA284AFB9B001BE834 /* Frameworks */,
				653AE9AB284AFB9B001BE834 /* Resources */,
			);
			buildRules = (
			);
			dependencies = (
				653AE9AF284AFB9B001BE834 /* PBXTargetDependency */,
			);
			name = TVMazeAppUITests;
			productName = TVMazeAppUITests;
			productReference = 653AE9AD284AFB9B001BE834 /* TVMazeAppUITests.xctest */;
			productType = "com.apple.product-type.bundle.ui-testing";
		};
/* End PBXNativeTarget section */

/* Begin PBXProject section */
		653AE985284AFB96001BE834 /* Project object */ = {
			isa = PBXProject;
			attributes = {
				BuildIndependentTargetsInParallel = 1;
				LastSwiftUpdateCheck = 1330;
				LastUpgradeCheck = 1330;
				TargetAttributes = {
					653AE98C284AFB96001BE834 = {
						CreatedOnToolsVersion = 13.3.1;
					};
					653AE9A2284AFB9B001BE834 = {
						CreatedOnToolsVersion = 13.3.1;
						TestTargetID = 653AE98C284AFB96001BE834;
					};
					653AE9AC284AFB9B001BE834 = {
						CreatedOnToolsVersion = 13.3.1;
						TestTargetID = 653AE98C284AFB96001BE834;
					};
				};
			};
			buildConfigurationList = 653AE988284AFB96001BE834 /* Build configuration list for PBXProject "TVMazeApp" */;
			compatibilityVersion = "Xcode 13.0";
			developmentRegion = en;
			hasScannedForEncodings = 0;
			knownRegions = (
				en,
				Base,
			);
			mainGroup = 653AE984284AFB96001BE834;
			productRefGroup = 653AE98E284AFB96001BE834 /* Products */;
			projectDirPath = "";
			projectRoot = "";
			targets = (
				653AE98C284AFB96001BE834 /* TVMazeApp */,
				653AE9A2284AFB9B001BE834 /* TVMazeAppTests */,
				653AE9AC284AFB9B001BE834 /* TVMazeAppUITests */,
			);
		};
/* End PBXProject section */

/* Begin PBXResourcesBuildPhase section */
		653AE98B284AFB96001BE834 /* Resources */ = {
			isa = PBXResourcesBuildPhase;
			buildActionMask = 2147483647;
			files = (
				653AE99D284AFB9A001BE834 /* LaunchScreen.storyboard in Resources */,
				653AE99A284AFB9A001BE834 /* Assets.xcassets in Resources */,
				653AE998284AFB97001BE834 /* Main.storyboard in Resources */,
			);
			runOnlyForDeploymentPostprocessing = 0;
		};
		653AE9A1284AFB9B001BE834 /* Resources */ = {
			isa = PBXResourcesBuildPhase;
			buildActionMask = 2147483647;
			files = (
			);
			runOnlyForDeploymentPostprocessing = 0;
		};
		653AE9AB284AFB9B001BE834 /* Resources */ = {
			isa = PBXResourcesBuildPhase;
			buildActionMask = 2147483647;
			files = (
			);
			runOnlyForDeploymentPostprocessing = 0;
		};
/* End PBXResourcesBuildPhase section */

/* Begin PBXSourcesBuildPhase section */
		653AE989284AFB96001BE834 /* Sources */ = {
			isa = PBXSourcesBuildPhase;
			buildActionMask = 2147483647;
			files = (
				653AE995284AFB97001BE834 /* ViewController.swift in Sources */,
				653AE991284AFB97001BE834 /* AppDelegate.swift in Sources */,
				653AE993284AFB97001BE834 /* SceneDelegate.swift in Sources */,
			);
			runOnlyForDeploymentPostprocessing = 0;
		};
		653AE99F284AFB9B001BE834 /* Sources */ = {
			isa = PBXSourcesBuildPhase;
			buildActionMask = 2147483647;
			files = (
				653AE9A8284AFB9B001BE834 /* TVMazeAppTests.swift in Sources */,
			);
			runOnlyForDeploymentPostprocessing = 0;
		};
		653AE9A9284AFB9B001BE834 /* Sources */ = {
			isa = PBXSourcesBuildPhase;
			buildActionMask = 2147483647;
			files = (
				653AE9B2284AFB9B001BE834 /* TVMazeAppUITests.swift in Sources */,
				653AE9B4284AFB9B001BE834 /* TVMazeAppUITestsLaunchTests.swift in Sources */,
			);
			runOnlyForDeploymentPostprocessing = 0;
		};
/* End PBXSourcesBuildPhase section */

/* Begin PBXTargetDependency section */
		653AE9A5284AFB9B001BE834 /* PBXTargetDependency */ = {
			isa = PBXTargetDependency;
			target = 653AE98C284AFB96001BE834 /* TVMazeApp */;
			targetProxy = 653AE9A4284AFB9B001BE834 /* PBXContainerItemProxy */;
		};
		653AE9AF284AFB9B001BE834 /* PBXTargetDependency */ = {
			isa = PBXTargetDependency;
			target = 653AE98C284AFB96001BE834 /* TVMazeApp */;
			targetProxy = 653AE9AE284AFB9B001BE834 /* PBXContainerItemProxy */;
		};
/* End PBXTargetDependency section */

/* Begin PBXVariantGroup section */
		653AE996284AFB97001BE834 /* Main.storyboard */ = {
			isa = PBXVariantGroup;
			children = (
				653AE997284AFB97001BE834 /* Base */,
			);
			name = Main.storyboard;
			sourceTree = "<group>";
		};
		653AE99B284AFB9A001BE834 /* LaunchScreen.storyboard */ = {
			isa = PBXVariantGroup;
			children = (
				653AE99C284AFB9A001BE834 /* Base */,
			);
			name = LaunchScreen.storyboard;
			sourceTree = "<group>";
		};
/* End PBXVariantGroup section */

/* Begin XCBuildConfiguration section */
		653AE9B5284AFB9B001BE834 /* Debug */ = {
			isa = XCBuildConfiguration;
			buildSettings = {
				ALWAYS_SEARCH_USER_PATHS = NO;
				CLANG_ANALYZER_NONNULL = YES;
				CLANG_ANALYZER_NUMBER_OBJECT_CONVERSION = YES_AGGRESSIVE;
				CLANG_CXX_LANGUAGE_STANDARD = "gnu++17";
				CLANG_ENABLE_MODULES = YES;
				CLANG_ENABLE_OBJC_ARC = YES;
				CLANG_ENABLE_OBJC_WEAK = YES;
				CLANG_WARN_BLOCK_CAPTURE_AUTORELEASING = YES;
				CLANG_WARN_BOOL_CONVERSION = YES;
				CLANG_WARN_COMMA = YES;
				CLANG_WARN_CONSTANT_CONVERSION = YES;
				CLANG_WARN_DEPRECATED_OBJC_IMPLEMENTATIONS = YES;
				CLANG_WARN_DIRECT_OBJC_ISA_USAGE = YES_ERROR;
				CLANG_WARN_DOCUMENTATION_COMMENTS = YES;
				CLANG_WARN_EMPTY_BODY = YES;
				CLANG_WARN_ENUM_CONVERSION = YES;
				CLANG_WARN_INFINITE_RECURSION = YES;
				CLANG_WARN_INT_CONVERSION = YES;
				CLANG_WARN_NON_LITERAL_NULL_CONVERSION = YES;
				CLANG_WARN_OBJC_IMPLICIT_RETAIN_SELF = YES;
				CLANG_WARN_OBJC_LITERAL_CONVERSION = YES;
				CLANG_WARN_OBJC_ROOT_CLASS = YES_ERROR;
				CLANG_WARN_QUOTED_INCLUDE_IN_FRAMEWORK_HEADER = YES;
				CLANG_WARN_RANGE_LOOP_ANALYSIS = YES;
				CLANG_WARN_STRICT_PROTOTYPES = YES;
				CLANG_WARN_SUSPICIOUS_MOVE = YES;
				CLANG_WARN_UNGUARDED_AVAILABILITY = YES_AGGRESSIVE;
				CLANG_WARN_UNREACHABLE_CODE = YES;
				CLANG_WARN__DUPLICATE_METHOD_MATCH = YES;
				COPY_PHASE_STRIP = NO;
				DEBUG_INFORMATION_FORMAT = dwarf;
				ENABLE_STRICT_OBJC_MSGSEND = YES;
				ENABLE_TESTABILITY = YES;
				GCC_C_LANGUAGE_STANDARD = gnu11;
				GCC_DYNAMIC_NO_PIC = NO;
				GCC_NO_COMMON_BLOCKS = YES;
				GCC_OPTIMIZATION_LEVEL = 0;
				GCC_PREPROCESSOR_DEFINITIONS = (
					"DEBUG=1",
					"$(inherited)",
				);
				GCC_WARN_64_TO_32_BIT_CONVERSION = YES;
				GCC_WARN_ABOUT_RETURN_TYPE = YES_ERROR;
				GCC_WARN_UNDECLARED_SELECTOR = YES;
				GCC_WARN_UNINITIALIZED_AUTOS = YES_AGGRESSIVE;
				GCC_WARN_UNUSED_FUNCTION = YES;
				GCC_WARN_UNUSED_VARIABLE = YES;
				IPHONEOS_DEPLOYMENT_TARGET = 15.4;
				MTL_ENABLE_DEBUG_INFO = INCLUDE_SOURCE;
				MTL_FAST_MATH = YES;
				ONLY_ACTIVE_ARCH = YES;
				SDKROOT = iphoneos;
				SWIFT_ACTIVE_COMPILATION_CONDITIONS = DEBUG;
				SWIFT_OPTIMIZATION_LEVEL = "-Onone";
			};
			name = Debug;
		};
		653AE9B6284AFB9B001BE834 /* Release */ = {
			isa = XCBuildConfiguration;
			buildSettings = {
				ALWAYS_SEARCH_USER_PATHS = NO;
				CLANG_ANALYZER_NONNULL = YES;
				CLANG_ANALYZER_NUMBER_OBJECT_CONVERSION = YES_AGGRESSIVE;
				CLANG_CXX_LANGUAGE_STANDARD = "gnu++17";
				CLANG_ENABLE_MODULES = YES;
				CLANG_ENABLE_OBJC_ARC = YES;
				CLANG_ENABLE_OBJC_WEAK = YES;
				CLANG_WARN_BLOCK_CAPTURE_AUTORELEASING = YES;
				CLANG_WARN_BOOL_CONVERSION = YES;
				CLANG_WARN_COMMA = YES;
				CLANG_WARN_CONSTANT_CONVERSION = YES;
				CLANG_WARN_DEPRECATED_OBJC_IMPLEMENTATIONS = YES;
				CLANG_WARN_DIRECT_OBJC_ISA_USAGE = YES_ERROR;
				CLANG_WARN_DOCUMENTATION_COMMENTS = YES;
				CLANG_WARN_EMPTY_BODY = YES;
				CLANG_WARN_ENUM_CONVERSION = YES;
				CLANG_WARN_INFINITE_RECURSION = YES;
				CLANG_WARN_INT_CONVERSION = YES;
				CLANG_WARN_NON_LITERAL_NULL_CONVERSION = YES;
				CLANG_WARN_OBJC_IMPLICIT_RETAIN_SELF = YES;
				CLANG_WARN_OBJC_LITERAL_CONVERSION = YES;
				CLANG_WARN_OBJC_ROOT_CLASS = YES_ERROR;
				CLANG_WARN_QUOTED_INCLUDE_IN_FRAMEWORK_HEADER = YES;
				CLANG_WARN_RANGE_LOOP_ANALYSIS = YES;
				CLANG_WARN_STRICT_PROTOTYPES = YES;
				CLANG_WARN_SUSPICIOUS_MOVE = YES;
				CLANG_WARN_UNGUARDED_AVAILABILITY = YES_AGGRESSIVE;
				CLANG_WARN_UNREACHABLE_CODE = YES;
				CLANG_WARN__DUPLICATE_METHOD_MATCH = YES;
				COPY_PHASE_STRIP = NO;
				DEBUG_INFORMATION_FORMAT = "dwarf-with-dsym";
				ENABLE_NS_ASSERTIONS = NO;
				ENABLE_STRICT_OBJC_MSGSEND = YES;
				GCC_C_LANGUAGE_STANDARD = gnu11;
				GCC_NO_COMMON_BLOCKS = YES;
				GCC_WARN_64_TO_32_BIT_CONVERSION = YES;
				GCC_WARN_ABOUT_RETURN_TYPE = YES_ERROR;
				GCC_WARN_UNDECLARED_SELECTOR = YES;
				GCC_WARN_UNINITIALIZED_AUTOS = YES_AGGRESSIVE;
				GCC_WARN_UNUSED_FUNCTION = YES;
				GCC_WARN_UNUSED_VARIABLE = YES;
				IPHONEOS_DEPLOYMENT_TARGET = 15.4;
				MTL_ENABLE_DEBUG_INFO = NO;
				MTL_FAST_MATH = YES;
				SDKROOT = iphoneos;
				SWIFT_COMPILATION_MODE = wholemodule;
				SWIFT_OPTIMIZATION_LEVEL = "-O";
				VALIDATE_PRODUCT = YES;
			};
			name = Release;
		};
		653AE9B8284AFB9B001BE834 /* Debug */ = {
			isa = XCBuildConfiguration;
			buildSettings = {
				ASSETCATALOG_COMPILER_APPICON_NAME = AppIcon;
				ASSETCATALOG_COMPILER_GLOBAL_ACCENT_COLOR_NAME = AccentColor;
				CODE_SIGN_STYLE = Automatic;
				CURRENT_PROJECT_VERSION = 1;
				DEVELOPMENT_TEAM = R24XBLWL82;
				GENERATE_INFOPLIST_FILE = YES;
				INFOPLIST_FILE = TVMazeApp/Info.plist;
				INFOPLIST_KEY_UIApplicationSupportsIndirectInputEvents = YES;
				INFOPLIST_KEY_UILaunchStoryboardName = LaunchScreen;
				INFOPLIST_KEY_UIMainStoryboardFile = Main;
				INFOPLIST_KEY_UISupportedInterfaceOrientations_iPad = "UIInterfaceOrientationPortrait UIInterfaceOrientationPortraitUpsideDown UIInterfaceOrientationLandscapeLeft UIInterfaceOrientationLandscapeRight";
				INFOPLIST_KEY_UISupportedInterfaceOrientations_iPhone = "UIInterfaceOrientationPortrait UIInterfaceOrientationLandscapeLeft UIInterfaceOrientationLandscapeRight";
				LD_RUNPATH_SEARCH_PATHS = (
					"$(inherited)",
					"@executable_path/Frameworks",
				);
				MARKETING_VERSION = 1.0;
				PRODUCT_BUNDLE_IDENTIFIER = br.com.rafaelruwer.TVMazeApp;
				PRODUCT_NAME = "$(TARGET_NAME)";
				SWIFT_EMIT_LOC_STRINGS = YES;
				SWIFT_VERSION = 5.0;
				TARGETED_DEVICE_FAMILY = "1,2";
			};
			name = Debug;
		};
		653AE9B9284AFB9B001BE834 /* Release */ = {
			isa = XCBuildConfiguration;
			buildSettings = {
				ASSETCATALOG_COMPILER_APPICON_NAME = AppIcon;
				ASSETCATALOG_COMPILER_GLOBAL_ACCENT_COLOR_NAME = AccentColor;
				CODE_SIGN_STYLE = Automatic;
				CURRENT_PROJECT_VERSION = 1;
				DEVELOPMENT_TEAM = R24XBLWL82;
				GENERATE_INFOPLIST_FILE = YES;
				INFOPLIST_FILE = TVMazeApp/Info.plist;
				INFOPLIST_KEY_UIApplicationSupportsIndirectInputEvents = YES;
				INFOPLIST_KEY_UILaunchStoryboardName = LaunchScreen;
				INFOPLIST_KEY_UIMainStoryboardFile = Main;
				INFOPLIST_KEY_UISupportedInterfaceOrientations_iPad = "UIInterfaceOrientationPortrait UIInterfaceOrientationPortraitUpsideDown UIInterfaceOrientationLandscapeLeft UIInterfaceOrientationLandscapeRight";
				INFOPLIST_KEY_UISupportedInterfaceOrientations_iPhone = "UIInterfaceOrientationPortrait UIInterfaceOrientationLandscapeLeft UIInterfaceOrientationLandscapeRight";
				LD_RUNPATH_SEARCH_PATHS = (
					"$(inherited)",
					"@executable_path/Frameworks",
				);
				MARKETING_VERSION = 1.0;
				PRODUCT_BUNDLE_IDENTIFIER = br.com.rafaelruwer.TVMazeApp;
				PRODUCT_NAME = "$(TARGET_NAME)";
				SWIFT_EMIT_LOC_STRINGS = YES;
				SWIFT_VERSION = 5.0;
				TARGETED_DEVICE_FAMILY = "1,2";
			};
			name = Release;
		};
		653AE9BB284AFB9B001BE834 /* Debug */ = {
			isa = XCBuildConfiguration;
			buildSettings = {
				ALWAYS_EMBED_SWIFT_STANDARD_LIBRARIES = YES;
				BUNDLE_LOADER = "$(TEST_HOST)";
				CODE_SIGN_STYLE = Automatic;
				CURRENT_PROJECT_VERSION = 1;
				DEVELOPMENT_TEAM = R24XBLWL82;
				GENERATE_INFOPLIST_FILE = YES;
				IPHONEOS_DEPLOYMENT_TARGET = 15.4;
				MARKETING_VERSION = 1.0;
				PRODUCT_BUNDLE_IDENTIFIER = br.com.rafaelruwer.TVMazeAppTests;
				PRODUCT_NAME = "$(TARGET_NAME)";
				SWIFT_EMIT_LOC_STRINGS = NO;
				SWIFT_VERSION = 5.0;
				TARGETED_DEVICE_FAMILY = "1,2";
				TEST_HOST = "$(BUILT_PRODUCTS_DIR)/TVMazeApp.app/TVMazeApp";
			};
			name = Debug;
		};
		653AE9BC284AFB9B001BE834 /* Release */ = {
			isa = XCBuildConfiguration;
			buildSettings = {
				ALWAYS_EMBED_SWIFT_STANDARD_LIBRARIES = YES;
				BUNDLE_LOADER = "$(TEST_HOST)";
				CODE_SIGN_STYLE = Automatic;
				CURRENT_PROJECT_VERSION = 1;
				DEVELOPMENT_TEAM = R24XBLWL82;
				GENERATE_INFOPLIST_FILE = YES;
				IPHONEOS_DEPLOYMENT_TARGET = 15.4;
				MARKETING_VERSION = 1.0;
				PRODUCT_BUNDLE_IDENTIFIER = br.com.rafaelruwer.TVMazeAppTests;
				PRODUCT_NAME = "$(TARGET_NAME)";
				SWIFT_EMIT_LOC_STRINGS = NO;
				SWIFT_VERSION = 5.0;
				TARGETED_DEVICE_FAMILY = "1,2";
				TEST_HOST = "$(BUILT_PRODUCTS_DIR)/TVMazeApp.app/TVMazeApp";
			};
			name = Release;
		};
		653AE9BE284AFB9B001BE834 /* Debug */ = {
			isa = XCBuildConfiguration;
			buildSettings = {
				ALWAYS_EMBED_SWIFT_STANDARD_LIBRARIES = YES;
				CODE_SIGN_STYLE = Automatic;
				CURRENT_PROJECT_VERSION = 1;
				DEVELOPMENT_TEAM = R24XBLWL82;
				GENERATE_INFOPLIST_FILE = YES;
				MARKETING_VERSION = 1.0;
				PRODUCT_BUNDLE_IDENTIFIER = br.com.rafaelruwer.TVMazeAppUITests;
				PRODUCT_NAME = "$(TARGET_NAME)";
				SWIFT_EMIT_LOC_STRINGS = NO;
				SWIFT_VERSION = 5.0;
				TARGETED_DEVICE_FAMILY = "1,2";
				TEST_TARGET_NAME = TVMazeApp;
			};
			name = Debug;
		};
		653AE9BF284AFB9B001BE834 /* Release */ = {
			isa = XCBuildConfiguration;
			buildSettings = {
				ALWAYS_EMBED_SWIFT_STANDARD_LIBRARIES = YES;
				CODE_SIGN_STYLE = Automatic;
				CURRENT_PROJECT_VERSION = 1;
				DEVELOPMENT_TEAM = R24XBLWL82;
				GENERATE_INFOPLIST_FILE = YES;
				MARKETING_VERSION = 1.0;
				PRODUCT_BUNDLE_IDENTIFIER = br.com.rafaelruwer.TVMazeAppUITests;
				PRODUCT_NAME = "$(TARGET_NAME)";
				SWIFT_EMIT_LOC_STRINGS = NO;
				SWIFT_VERSION = 5.0;
				TARGETED_DEVICE_FAMILY = "1,2";
				TEST_TARGET_NAME = TVMazeApp;
			};
			name = Release;
		};
/* End XCBuildConfiguration section */

/* Begin XCConfigurationList section */
		653AE988284AFB96001BE834 /* Build configuration list for PBXProject "TVMazeApp" */ = {
			isa = XCConfigurationList;
			buildConfigurations = (
				653AE9B5284AFB9B001BE834 /* Debug */,
				653AE9B6284AFB9B001BE834 /* Release */,
			);
			defaultConfigurationIsVisible = 0;
			defaultConfigurationName = Release;
		};
		653AE9B7284AFB9B001BE834 /* Build configuration list for PBXNativeTarget "TVMazeApp" */ = {
			isa = XCConfigurationList;
			buildConfigurations = (
				653AE9B8284AFB9B001BE834 /* Debug */,
				653AE9B9284AFB9B001BE834 /* Release */,
			);
			defaultConfigurationIsVisible = 0;
			defaultConfigurationName = Release;
		};
		653AE9BA284AFB9B001BE834 /* Build configuration list for PBXNativeTarget "TVMazeAppTests" */ = {
			isa = XCConfigurationList;
			buildConfigurations = (
				653AE9BB284AFB9B001BE834 /* Debug */,
				653AE9BC284AFB9B001BE834 /* Release */,
			);
			defaultConfigurationIsVisible = 0;
			defaultConfigurationName = Release;
		};
		653AE9BD284AFB9B001BE834 /* Build configuration list for PBXNativeTarget "TVMazeAppUITests" */ = {
			isa = XCConfigurationList;
			buildConfigurations = (
				653AE9BE284AFB9B001BE834 /* Debug */,
				653AE9BF284AFB9B001BE834 /* Release */,
			);
			defaultConfigurationIsVisible = 0;
			defaultConfigurationName = Release;
		};
/* End XCConfigurationList section */
	};
	rootObject = 653AE985284AFB96001BE834 /* Project object */;
}
